
Microsoft Visual Studio Solution File, Format Version 12.00
# Visual Studio 2013
VisualStudioVersion = 12.0.31101.0
MinimumVisualStudioVersion = 10.0.40219.1
Project("{FAE04EC0-301F-11D3-BF4B-00C04F79EFBC}") = "TopNav", "TopNav\TopNav.csproj", "{8EE963B4-E76D-4414-89C5-326FFAE43BB0}"
	ProjectSection(ProjectDependencies) = postProject
		{2C1A0123-956F-4AB8-95FA-5A5C06D88289} = {2C1A0123-956F-4AB8-95FA-5A5C06D88289}
	EndProjectSection
EndProject
Project("{FAE04EC0-301F-11D3-BF4B-00C04F79EFBC}") = "List", "List\List.csproj", "{2C1A0123-956F-4AB8-95FA-5A5C06D88289}"
EndProject
Global
	GlobalSection(SolutionConfigurationPlatforms) = preSolution
		Debug|Any CPU = Debug|Any CPU
		Release|Any CPU = Release|Any CPU
	EndGlobalSection
	GlobalSection(ProjectConfigurationPlatforms) = postSolution
		{8EE963B4-E76D-4414-89C5-326FFAE43BB0}.Debug|Any CPU.ActiveCfg = Debug|Any CPU
		{8EE963B4-E76D-4414-89C5-326FFAE43BB0}.Debug|Any CPU.Build.0 = Debug|Any CPU
		{8EE963B4-E76D-4414-89C5-326FFAE43BB0}.Debug|Any CPU.Deploy.0 = Debug|Any CPU
		{8EE963B4-E76D-4414-89C5-326FFAE43BB0}.Release|Any CPU.ActiveCfg = Release|Any CPU
		{8EE963B4-E76D-4414-89C5-326FFAE43BB0}.Release|Any CPU.Build.0 = Release|Any CPU
		{8EE963B4-E76D-4414-89C5-326FFAE43BB0}.Release|Any CPU.Deploy.0 = Release|Any CPU
		{2C1A0123-956F-4AB8-95FA-5A5C06D88289}.Debug|Any CPU.ActiveCfg = Debug|Any CPU
		{2C1A0123-956F-4AB8-95FA-5A5C06D88289}.Debug|Any CPU.Build.0 = Debug|Any CPU
		{2C1A0123-956F-4AB8-95FA-5A5C06D88289}.Debug|Any CPU.Deploy.0 = Debug|Any CPU
		{2C1A0123-956F-4AB8-95FA-5A5C06D88289}.Release|Any CPU.ActiveCfg = Release|Any CPU
		{2C1A0123-956F-4AB8-95FA-5A5C06D88289}.Release|Any CPU.Build.0 = Release|Any CPU
		{2C1A0123-956F-4AB8-95FA-5A5C06D88289}.Release|Any CPU.Deploy.0 = Release|Any CPU
	EndGlobalSection
	GlobalSection(SolutionProperties) = preSolution
		HideSolutionNode = FALSE
	EndGlobalSection
EndGlobal
